
Microsoft Visual Studio Solution File, Format Version 12.00
# Visual Studio Version 16
VisualStudioVersion = 16.0.30503.244
MinimumVisualStudioVersion = 10.0.40219.1
Project("{FAE04EC0-301F-11D3-BF4B-00C04F79EFBC}") = "Assignment1_ProgramingIntrodution", "Assignment1_ProgramingIntrodution.csproj", "{24D8EFBA-AEFE-446B-99E7-DB364042FD32}"
EndProject
Global
	GlobalSection(SolutionConfigurationPlatforms) = preSolution
		Debug|Any CPU = Debug|Any CPU
		Release|Any CPU = Release|Any CPU
	EndGlobalSection
	GlobalSection(ProjectConfigurationPlatforms) = postSolution
		{24D8EFBA-AEFE-446B-99E7-DB364042FD32}.Debug|Any CPU.ActiveCfg = Debug|Any CPU
		{24D8EFBA-AEFE-446B-99E7-DB364042FD32}.Debug|Any CPU.Build.0 = Debug|Any CPU
		{24D8EFBA-AEFE-446B-99E7-DB364042FD32}.Release|Any CPU.ActiveCfg = Release|Any CPU
		{24D8EFBA-AEFE-446B-99E7-DB364042FD32}.Release|Any CPU.Build.0 = Release|Any CPU
	EndGlobalSection
	GlobalSection(SolutionProperties) = preSolution
		HideSolutionNode = FALSE
	EndGlobalSection
	GlobalSection(ExtensibilityGlobals) = postSolution
		SolutionGuid = {D353A19F-C330-43E1-9C7A-D5337C08AEE3}
	EndGlobalSection
EndGlobal
